// !$*UTF8*$!
{
	archiveVersion = 1;
	classes = {
	};
	objectVersion = 56;
	objects = {

/* Begin PBXBuildFile section */
		D0B270052E4F741C00AA56B8 /* AzykApp.swift in Sources */ = {isa = PBXBuildFile; fileRef = D0B270042E4F741C00AA56B8 /* AzykApp.swift */; };
		D0B270072E4F741C00AA56B8 /* ContentView.swift in Sources */ = {isa = PBXBuildFile; fileRef = D0B270062E4F741C00AA56B8 /* ContentView.swift */; };
		D0B270092E4F741F00AA56B8 /* Assets.xcassets in Resources */ = {isa = PBXBuildFile; fileRef = D0B270082E4F741F00AA56B8 /* Assets.xcassets */; };
		D0B2700C2E4F741F00AA56B8 /* Preview Assets.xcassets in Resources */ = {isa = PBXBuildFile; fileRef = D0B2700B2E4F741F00AA56B8 /* Preview Assets.xcassets */; };
		D0B270262E4F744D00AA56B8 /* FavoriteView.swift in Sources */ = {isa = PBXBuildFile; fileRef = D0B270172E4F744D00AA56B8 /* FavoriteView.swift */; };
		D0B270272E4F744D00AA56B8 /* MenuCollection.swift in Sources */ = {isa = PBXBuildFile; fileRef = D0B270192E4F744D00AA56B8 /* MenuCollection.swift */; };
		D0B270282E4F744D00AA56B8 /* ProfileView.swift in Sources */ = {isa = PBXBuildFile; fileRef = D0B2701B2E4F744D00AA56B8 /* ProfileView.swift */; };
		D0B270292E4F744D00AA56B8 /* FiltredOption.swift in Sources */ = {isa = PBXBuildFile; fileRef = D0B2701D2E4F744D00AA56B8 /* FiltredOption.swift */; };
		D0B2702A2E4F744D00AA56B8 /* BagInformView.swift in Sources */ = {isa = PBXBuildFile; fileRef = D0B2701F2E4F744D00AA56B8 /* BagInformView.swift */; };
		D0B2702B2E4F744D00AA56B8 /* HomeView.swift in Sources */ = {isa = PBXBuildFile; fileRef = D0B270212E4F744D00AA56B8 /* HomeView.swift */; };
		D0B2702C2E4F744D00AA56B8 /* RestaurantViews.swift in Sources */ = {isa = PBXBuildFile; fileRef = D0B270232E4F744D00AA56B8 /* RestaurantViews.swift */; };
		D0B2702D2E4F744D00AA56B8 /* FoodViewCell.swift in Sources */ = {isa = PBXBuildFile; fileRef = D0B270242E4F744D00AA56B8 /* FoodViewCell.swift */; };
		D0B2702E2E4F744D00AA56B8 /* RestaurantDetailView.swift in Sources */ = {isa = PBXBuildFile; fileRef = D0B270252E4F744D00AA56B8 /* RestaurantDetailView.swift */; };
		D0B270312E4F745400AA56B8 /* ParameterView.swift in Sources */ = {isa = PBXBuildFile; fileRef = D0B270302E4F745400AA56B8 /* ParameterView.swift */; };
		D0B2703A2E4F751100AA56B8 /* NetworkService.swift in Sources */ = {isa = PBXBuildFile; fileRef = D0B270352E4F751100AA56B8 /* NetworkService.swift */; };
		D0B2703B2E4F751100AA56B8 /* CharacterEndpoint.swift in Sources */ = {isa = PBXBuildFile; fileRef = D0B270362E4F751100AA56B8 /* CharacterEndpoint.swift */; };
		D0B2703C2E4F751100AA56B8 /* NetworkResult.swift in Sources */ = {isa = PBXBuildFile; fileRef = D0B270372E4F751100AA56B8 /* NetworkResult.swift */; };
		D0B2703D2E4F751100AA56B8 /* API.swift in Sources */ = {isa = PBXBuildFile; fileRef = D0B270382E4F751100AA56B8 /* API.swift */; };
		D0B2703E2E4F751100AA56B8 /* Endpoint.swift in Sources */ = {isa = PBXBuildFile; fileRef = D0B270392E4F751100AA56B8 /* Endpoint.swift */; };
		D0B270442E4F758800AA56B8 /* HomeRouter.swift in Sources */ = {isa = PBXBuildFile; fileRef = D0B270432E4F758800AA56B8 /* HomeRouter.swift */; };
		D0B270462E4F759200AA56B8 /* RestaurantModel.swift in Sources */ = {isa = PBXBuildFile; fileRef = D0B270452E4F759200AA56B8 /* RestaurantModel.swift */; };
		D0B270492E4F75CD00AA56B8 /* HomeRepositoryProtocol.swift in Sources */ = {isa = PBXBuildFile; fileRef = D0B270482E4F75CD00AA56B8 /* HomeRepositoryProtocol.swift */; };
		D0B2704B2E4F75D300AA56B8 /* HomeRepository.swift in Sources */ = {isa = PBXBuildFile; fileRef = D0B2704A2E4F75D300AA56B8 /* HomeRepository.swift */; };
		D0B2704E2E4FD42400AA56B8 /* HomeViewModel.swift in Sources */ = {isa = PBXBuildFile; fileRef = D0B2704D2E4FD42400AA56B8 /* HomeViewModel.swift */; };
		D0B270502E4FD48000AA56B8 /* Restaurant.swift in Sources */ = {isa = PBXBuildFile; fileRef = D0B2704F2E4FD48000AA56B8 /* Restaurant.swift */; };
		D0B270522E511D3E00AA56B8 /* FavoriteViewModel.swift in Sources */ = {isa = PBXBuildFile; fileRef = D0B270512E511D3E00AA56B8 /* FavoriteViewModel.swift */; };
		D0B270542E511D5400AA56B8 /* FavoriteRepository.swift in Sources */ = {isa = PBXBuildFile; fileRef = D0B270532E511D5400AA56B8 /* FavoriteRepository.swift */; };
/* End PBXBuildFile section */

/* Begin PBXFileReference section */
		D0B270012E4F741C00AA56B8 /* Azyk.app */ = {isa = PBXFileReference; explicitFileType = wrapper.application; includeInIndex = 0; path = Azyk.app; sourceTree = BUILT_PRODUCTS_DIR; };
		D0B270042E4F741C00AA56B8 /* AzykApp.swift */ = {isa = PBXFileReference; lastKnownFileType = sourcecode.swift; path = AzykApp.swift; sourceTree = "<group>"; };
		D0B270062E4F741C00AA56B8 /* ContentView.swift */ = {isa = PBXFileReference; lastKnownFileType = sourcecode.swift; path = ContentView.swift; sourceTree = "<group>"; };
		D0B270082E4F741F00AA56B8 /* Assets.xcassets */ = {isa = PBXFileReference; lastKnownFileType = folder.assetcatalog; path = Assets.xcassets; sourceTree = "<group>"; };
		D0B2700B2E4F741F00AA56B8 /* Preview Assets.xcassets */ = {isa = PBXFileReference; lastKnownFileType = folder.assetcatalog; path = "Preview Assets.xcassets"; sourceTree = "<group>"; };
		D0B270172E4F744D00AA56B8 /* FavoriteView.swift */ = {isa = PBXFileReference; fileEncoding = 4; lastKnownFileType = sourcecode.swift; path = FavoriteView.swift; sourceTree = "<group>"; };
		D0B270192E4F744D00AA56B8 /* MenuCollection.swift */ = {isa = PBXFileReference; fileEncoding = 4; lastKnownFileType = sourcecode.swift; path = MenuCollection.swift; sourceTree = "<group>"; };
		D0B2701B2E4F744D00AA56B8 /* ProfileView.swift */ = {isa = PBXFileReference; fileEncoding = 4; lastKnownFileType = sourcecode.swift; path = ProfileView.swift; sourceTree = "<group>"; };
		D0B2701D2E4F744D00AA56B8 /* FiltredOption.swift */ = {isa = PBXFileReference; fileEncoding = 4; lastKnownFileType = sourcecode.swift; path = FiltredOption.swift; sourceTree = "<group>"; };
		D0B2701F2E4F744D00AA56B8 /* BagInformView.swift */ = {isa = PBXFileReference; fileEncoding = 4; lastKnownFileType = sourcecode.swift; path = BagInformView.swift; sourceTree = "<group>"; };
		D0B270212E4F744D00AA56B8 /* HomeView.swift */ = {isa = PBXFileReference; fileEncoding = 4; lastKnownFileType = sourcecode.swift; path = HomeView.swift; sourceTree = "<group>"; };
		D0B270232E4F744D00AA56B8 /* RestaurantViews.swift */ = {isa = PBXFileReference; fileEncoding = 4; lastKnownFileType = sourcecode.swift; path = RestaurantViews.swift; sourceTree = "<group>"; };
		D0B270242E4F744D00AA56B8 /* FoodViewCell.swift */ = {isa = PBXFileReference; fileEncoding = 4; lastKnownFileType = sourcecode.swift; path = FoodViewCell.swift; sourceTree = "<group>"; };
		D0B270252E4F744D00AA56B8 /* RestaurantDetailView.swift */ = {isa = PBXFileReference; fileEncoding = 4; lastKnownFileType = sourcecode.swift; path = RestaurantDetailView.swift; sourceTree = "<group>"; };
		D0B270302E4F745400AA56B8 /* ParameterView.swift */ = {isa = PBXFileReference; fileEncoding = 4; lastKnownFileType = sourcecode.swift; path = ParameterView.swift; sourceTree = "<group>"; };
		D0B270352E4F751100AA56B8 /* NetworkService.swift */ = {isa = PBXFileReference; fileEncoding = 4; lastKnownFileType = sourcecode.swift; path = NetworkService.swift; sourceTree = "<group>"; };
		D0B270362E4F751100AA56B8 /* CharacterEndpoint.swift */ = {isa = PBXFileReference; fileEncoding = 4; lastKnownFileType = sourcecode.swift; path = CharacterEndpoint.swift; sourceTree = "<group>"; };
		D0B270372E4F751100AA56B8 /* NetworkResult.swift */ = {isa = PBXFileReference; fileEncoding = 4; lastKnownFileType = sourcecode.swift; path = NetworkResult.swift; sourceTree = "<group>"; };
		D0B270382E4F751100AA56B8 /* API.swift */ = {isa = PBXFileReference; fileEncoding = 4; lastKnownFileType = sourcecode.swift; path = API.swift; sourceTree = "<group>"; };
		D0B270392E4F751100AA56B8 /* Endpoint.swift */ = {isa = PBXFileReference; fileEncoding = 4; lastKnownFileType = sourcecode.swift; path = Endpoint.swift; sourceTree = "<group>"; };
		D0B270432E4F758800AA56B8 /* HomeRouter.swift */ = {isa = PBXFileReference; lastKnownFileType = sourcecode.swift; path = HomeRouter.swift; sourceTree = "<group>"; };
		D0B270452E4F759200AA56B8 /* RestaurantModel.swift */ = {isa = PBXFileReference; lastKnownFileType = sourcecode.swift; path = RestaurantModel.swift; sourceTree = "<group>"; };
		D0B270482E4F75CD00AA56B8 /* HomeRepositoryProtocol.swift */ = {isa = PBXFileReference; lastKnownFileType = sourcecode.swift; path = HomeRepositoryProtocol.swift; sourceTree = "<group>"; };
		D0B2704A2E4F75D300AA56B8 /* HomeRepository.swift */ = {isa = PBXFileReference; lastKnownFileType = sourcecode.swift; path = HomeRepository.swift; sourceTree = "<group>"; };
		D0B2704D2E4FD42400AA56B8 /* HomeViewModel.swift */ = {isa = PBXFileReference; lastKnownFileType = sourcecode.swift; path = HomeViewModel.swift; sourceTree = "<group>"; };
		D0B2704F2E4FD48000AA56B8 /* Restaurant.swift */ = {isa = PBXFileReference; lastKnownFileType = sourcecode.swift; path = Restaurant.swift; sourceTree = "<group>"; };
		D0B270512E511D3E00AA56B8 /* FavoriteViewModel.swift */ = {isa = PBXFileReference; lastKnownFileType = sourcecode.swift; path = FavoriteViewModel.swift; sourceTree = "<group>"; };
		D0B270532E511D5400AA56B8 /* FavoriteRepository.swift */ = {isa = PBXFileReference; lastKnownFileType = sourcecode.swift; path = FavoriteRepository.swift; sourceTree = "<group>"; };
/* End PBXFileReference section */

/* Begin PBXFrameworksBuildPhase section */
		D0B26FFE2E4F741C00AA56B8 /* Frameworks */ = {
			isa = PBXFrameworksBuildPhase;
			buildActionMask = 2147483647;
			files = (
			);
			runOnlyForDeploymentPostprocessing = 0;
		};
/* End PBXFrameworksBuildPhase section */

/* Begin PBXGroup section */
		D0B26FF82E4F741C00AA56B8 = {
			isa = PBXGroup;
			children = (
				D0B270032E4F741C00AA56B8 /* Azyk */,
				D0B270022E4F741C00AA56B8 /* Products */,
			);
			sourceTree = "<group>";
		};
		D0B270022E4F741C00AA56B8 /* Products */ = {
			isa = PBXGroup;
			children = (
				D0B270012E4F741C00AA56B8 /* Azyk.app */,
			);
			name = Products;
			sourceTree = "<group>";
		};
		D0B270032E4F741C00AA56B8 /* Azyk */ = {
			isa = PBXGroup;
			children = (
				D0B270332E4F751100AA56B8 /* Service */,
				D0B270122E4F742D00AA56B8 /* Feature */,
				D0B270042E4F741C00AA56B8 /* AzykApp.swift */,
				D0B270062E4F741C00AA56B8 /* ContentView.swift */,
				D0B270082E4F741F00AA56B8 /* Assets.xcassets */,
				D0B2700A2E4F741F00AA56B8 /* Preview Content */,
			);
			path = Azyk;
			sourceTree = "<group>";
		};
		D0B2700A2E4F741F00AA56B8 /* Preview Content */ = {
			isa = PBXGroup;
			children = (
				D0B2700B2E4F741F00AA56B8 /* Preview Assets.xcassets */,
			);
			path = "Preview Content";
			sourceTree = "<group>";
		};
		D0B270122E4F742D00AA56B8 /* Feature */ = {
			isa = PBXGroup;
			children = (
				D0B2703F2E4F754800AA56B8 /* UIComponents */,
				D0B270322E4F74F700AA56B8 /* RestaurantDetail */,
				D0B2702F2E4F745400AA56B8 /* Parameter */,
				D0B2701E2E4F744D00AA56B8 /* BagInformation */,
				D0B270162E4F744D00AA56B8 /* Favorites */,
				D0B2701C2E4F744D00AA56B8 /* FiltredOption */,
				D0B270202E4F744D00AA56B8 /* Home */,
				D0B270182E4F744D00AA56B8 /* Menu */,
				D0B2701A2E4F744D00AA56B8 /* Profile */,
			);
			path = Feature;
			sourceTree = "<group>";
		};
		D0B270162E4F744D00AA56B8 /* Favorites */ = {
			isa = PBXGroup;
			children = (
				D0B270172E4F744D00AA56B8 /* FavoriteView.swift */,
				D0B270512E511D3E00AA56B8 /* FavoriteViewModel.swift */,
				D0B270532E511D5400AA56B8 /* FavoriteRepository.swift */,
			);
			path = Favorites;
			sourceTree = "<group>";
		};
		D0B270182E4F744D00AA56B8 /* Menu */ = {
			isa = PBXGroup;
			children = (
				D0B270192E4F744D00AA56B8 /* MenuCollection.swift */,
			);
			path = Menu;
			sourceTree = "<group>";
		};
		D0B2701A2E4F744D00AA56B8 /* Profile */ = {
			isa = PBXGroup;
			children = (
				D0B2701B2E4F744D00AA56B8 /* ProfileView.swift */,
			);
			path = Profile;
			sourceTree = "<group>";
		};
		D0B2701C2E4F744D00AA56B8 /* FiltredOption */ = {
			isa = PBXGroup;
			children = (
				D0B2701D2E4F744D00AA56B8 /* FiltredOption.swift */,
			);
			path = FiltredOption;
			sourceTree = "<group>";
		};
		D0B2701E2E4F744D00AA56B8 /* BagInformation */ = {
			isa = PBXGroup;
			children = (
				D0B2701F2E4F744D00AA56B8 /* BagInformView.swift */,
			);
			path = BagInformation;
			sourceTree = "<group>";
		};
		D0B270202E4F744D00AA56B8 /* Home */ = {
			isa = PBXGroup;
			children = (
				D0B2704C2E4FD41800AA56B8 /* ViewModel */,
				D0B270472E4F75B500AA56B8 /* Repository */,
				D0B270422E4F757B00AA56B8 /* Model */,
				D0B270412E4F757900AA56B8 /* Router */,
				D0B270402E4F757700AA56B8 /* View */,
			);
			path = Home;
			sourceTree = "<group>";
		};
		D0B2702F2E4F745400AA56B8 /* Parameter */ = {
			isa = PBXGroup;
			children = (
				D0B270302E4F745400AA56B8 /* ParameterView.swift */,
			);
			path = Parameter;
			sourceTree = "<group>";
		};
		D0B270322E4F74F700AA56B8 /* RestaurantDetail */ = {
			isa = PBXGroup;
			children = (
				D0B270252E4F744D00AA56B8 /* RestaurantDetailView.swift */,
			);
			path = RestaurantDetail;
			sourceTree = "<group>";
		};
		D0B270332E4F751100AA56B8 /* Service */ = {
			isa = PBXGroup;
			children = (
				D0B270342E4F751100AA56B8 /* Network */,
			);
			path = Service;
			sourceTree = "<group>";
		};
		D0B270342E4F751100AA56B8 /* Network */ = {
			isa = PBXGroup;
			children = (
				D0B270352E4F751100AA56B8 /* NetworkService.swift */,
				D0B270362E4F751100AA56B8 /* CharacterEndpoint.swift */,
				D0B270372E4F751100AA56B8 /* NetworkResult.swift */,
				D0B270382E4F751100AA56B8 /* API.swift */,
				D0B270392E4F751100AA56B8 /* Endpoint.swift */,
			);
			path = Network;
			sourceTree = "<group>";
		};
		D0B2703F2E4F754800AA56B8 /* UIComponents */ = {
			isa = PBXGroup;
			children = (
				D0B270232E4F744D00AA56B8 /* RestaurantViews.swift */,
				D0B270242E4F744D00AA56B8 /* FoodViewCell.swift */,
			);
			path = UIComponents;
			sourceTree = "<group>";
		};
		D0B270402E4F757700AA56B8 /* View */ = {
			isa = PBXGroup;
			children = (
				D0B270212E4F744D00AA56B8 /* HomeView.swift */,
			);
			path = View;
			sourceTree = "<group>";
		};
		D0B270412E4F757900AA56B8 /* Router */ = {
			isa = PBXGroup;
			children = (
				D0B270432E4F758800AA56B8 /* HomeRouter.swift */,
			);
			path = Router;
			sourceTree = "<group>";
		};
		D0B270422E4F757B00AA56B8 /* Model */ = {
			isa = PBXGroup;
			children = (
				D0B270452E4F759200AA56B8 /* RestaurantModel.swift */,
				D0B2704F2E4FD48000AA56B8 /* Restaurant.swift */,
			);
			path = Model;
			sourceTree = "<group>";
		};
		D0B270472E4F75B500AA56B8 /* Repository */ = {
			isa = PBXGroup;
			children = (
				D0B270482E4F75CD00AA56B8 /* HomeRepositoryProtocol.swift */,
				D0B2704A2E4F75D300AA56B8 /* HomeRepository.swift */,
			);
			path = Repository;
			sourceTree = "<group>";
		};
		D0B2704C2E4FD41800AA56B8 /* ViewModel */ = {
			isa = PBXGroup;
			children = (
				D0B2704D2E4FD42400AA56B8 /* HomeViewModel.swift */,
			);
			path = ViewModel;
			sourceTree = "<group>";
		};
/* End PBXGroup section */

/* Begin PBXNativeTarget section */
		D0B270002E4F741C00AA56B8 /* Azyk */ = {
			isa = PBXNativeTarget;
			buildConfigurationList = D0B2700F2E4F741F00AA56B8 /* Build configuration list for PBXNativeTarget "Azyk" */;
			buildPhases = (
				D0B26FFD2E4F741C00AA56B8 /* Sources */,
				D0B26FFE2E4F741C00AA56B8 /* Frameworks */,
				D0B26FFF2E4F741C00AA56B8 /* Resources */,
			);
			buildRules = (
			);
			dependencies = (
			);
			name = Azyk;
			productName = Azyk;
			productReference = D0B270012E4F741C00AA56B8 /* Azyk.app */;
			productType = "com.apple.product-type.application";
		};
/* End PBXNativeTarget section */

/* Begin PBXProject section */
		D0B26FF92E4F741C00AA56B8 /* Project object */ = {
			isa = PBXProject;
			attributes = {
				BuildIndependentTargetsInParallel = 1;
				LastSwiftUpdateCheck = 1520;
				LastUpgradeCheck = 1520;
				TargetAttributes = {
					D0B270002E4F741C00AA56B8 = {
						CreatedOnToolsVersion = 15.2;
					};
				};
			};
			buildConfigurationList = D0B26FFC2E4F741C00AA56B8 /* Build configuration list for PBXProject "Azyk" */;
			compatibilityVersion = "Xcode 14.0";
			developmentRegion = en;
			hasScannedForEncodings = 0;
			knownRegions = (
				en,
				Base,
			);
			mainGroup = D0B26FF82E4F741C00AA56B8;
			productRefGroup = D0B270022E4F741C00AA56B8 /* Products */;
			projectDirPath = "";
			projectRoot = "";
			targets = (
				D0B270002E4F741C00AA56B8 /* Azyk */,
			);
		};
/* End PBXProject section */

/* Begin PBXResourcesBuildPhase section */
		D0B26FFF2E4F741C00AA56B8 /* Resources */ = {
			isa = PBXResourcesBuildPhase;
			buildActionMask = 2147483647;
			files = (
				D0B2700C2E4F741F00AA56B8 /* Preview Assets.xcassets in Resources */,
				D0B270092E4F741F00AA56B8 /* Assets.xcassets in Resources */,
			);
			runOnlyForDeploymentPostprocessing = 0;
		};
/* End PBXResourcesBuildPhase section */

/* Begin PBXSourcesBuildPhase section */
		D0B26FFD2E4F741C00AA56B8 /* Sources */ = {
			isa = PBXSourcesBuildPhase;
			buildActionMask = 2147483647;
			files = (
				D0B270462E4F759200AA56B8 /* RestaurantModel.swift in Sources */,
				D0B2704E2E4FD42400AA56B8 /* HomeViewModel.swift in Sources */,
				D0B2704B2E4F75D300AA56B8 /* HomeRepository.swift in Sources */,
				D0B2703B2E4F751100AA56B8 /* CharacterEndpoint.swift in Sources */,
				D0B270492E4F75CD00AA56B8 /* HomeRepositoryProtocol.swift in Sources */,
				D0B2702B2E4F744D00AA56B8 /* HomeView.swift in Sources */,
				D0B270522E511D3E00AA56B8 /* FavoriteViewModel.swift in Sources */,
				D0B270262E4F744D00AA56B8 /* FavoriteView.swift in Sources */,
				D0B270312E4F745400AA56B8 /* ParameterView.swift in Sources */,
				D0B270272E4F744D00AA56B8 /* MenuCollection.swift in Sources */,
				D0B270502E4FD48000AA56B8 /* Restaurant.swift in Sources */,
				D0B270072E4F741C00AA56B8 /* ContentView.swift in Sources */,
				D0B270542E511D5400AA56B8 /* FavoriteRepository.swift in Sources */,
				D0B2703C2E4F751100AA56B8 /* NetworkResult.swift in Sources */,
				D0B270442E4F758800AA56B8 /* HomeRouter.swift in Sources */,
				D0B270052E4F741C00AA56B8 /* AzykApp.swift in Sources */,
				D0B270282E4F744D00AA56B8 /* ProfileView.swift in Sources */,
				D0B270292E4F744D00AA56B8 /* FiltredOption.swift in Sources */,
				D0B2702A2E4F744D00AA56B8 /* BagInformView.swift in Sources */,
				D0B2702E2E4F744D00AA56B8 /* RestaurantDetailView.swift in Sources */,
				D0B2702D2E4F744D00AA56B8 /* FoodViewCell.swift in Sources */,
				D0B2703A2E4F751100AA56B8 /* NetworkService.swift in Sources */,
				D0B2703D2E4F751100AA56B8 /* API.swift in Sources */,
				D0B2703E2E4F751100AA56B8 /* Endpoint.swift in Sources */,
				D0B2702C2E4F744D00AA56B8 /* RestaurantViews.swift in Sources */,
			);
			runOnlyForDeploymentPostprocessing = 0;
		};
/* End PBXSourcesBuildPhase section */

/* Begin XCBuildConfiguration section */
		D0B2700D2E4F741F00AA56B8 /* Debug */ = {
			isa = XCBuildConfiguration;
			buildSettings = {
				ALWAYS_SEARCH_USER_PATHS = NO;
				ASSETCATALOG_COMPILER_GENERATE_SWIFT_ASSET_SYMBOL_EXTENSIONS = YES;
				CLANG_ANALYZER_NONNULL = YES;
				CLANG_ANALYZER_NUMBER_OBJECT_CONVERSION = YES_AGGRESSIVE;
				CLANG_CXX_LANGUAGE_STANDARD = "gnu++20";
				CLANG_ENABLE_MODULES = YES;
				CLANG_ENABLE_OBJC_ARC = YES;
				CLANG_ENABLE_OBJC_WEAK = YES;
				CLANG_WARN_BLOCK_CAPTURE_AUTORELEASING = YES;
				CLANG_WARN_BOOL_CONVERSION = YES;
				CLANG_WARN_COMMA = YES;
				CLANG_WARN_CONSTANT_CONVERSION = YES;
				CLANG_WARN_DEPRECATED_OBJC_IMPLEMENTATIONS = YES;
				CLANG_WARN_DIRECT_OBJC_ISA_USAGE = YES_ERROR;
				CLANG_WARN_DOCUMENTATION_COMMENTS = YES;
				CLANG_WARN_EMPTY_BODY = YES;
				CLANG_WARN_ENUM_CONVERSION = YES;
				CLANG_WARN_INFINITE_RECURSION = YES;
				CLANG_WARN_INT_CONVERSION = YES;
				CLANG_WARN_NON_LITERAL_NULL_CONVERSION = YES;
				CLANG_WARN_OBJC_IMPLICIT_RETAIN_SELF = YES;
				CLANG_WARN_OBJC_LITERAL_CONVERSION = YES;
				CLANG_WARN_OBJC_ROOT_CLASS = YES_ERROR;
				CLANG_WARN_QUOTED_INCLUDE_IN_FRAMEWORK_HEADER = YES;
				CLANG_WARN_RANGE_LOOP_ANALYSIS = YES;
				CLANG_WARN_STRICT_PROTOTYPES = YES;
				CLANG_WARN_SUSPICIOUS_MOVE = YES;
				CLANG_WARN_UNGUARDED_AVAILABILITY = YES_AGGRESSIVE;
				CLANG_WARN_UNREACHABLE_CODE = YES;
				CLANG_WARN__DUPLICATE_METHOD_MATCH = YES;
				COPY_PHASE_STRIP = NO;
				DEBUG_INFORMATION_FORMAT = dwarf;
				ENABLE_STRICT_OBJC_MSGSEND = YES;
				ENABLE_TESTABILITY = YES;
				ENABLE_USER_SCRIPT_SANDBOXING = YES;
				GCC_C_LANGUAGE_STANDARD = gnu17;
				GCC_DYNAMIC_NO_PIC = NO;
				GCC_NO_COMMON_BLOCKS = YES;
				GCC_OPTIMIZATION_LEVEL = 0;
				GCC_PREPROCESSOR_DEFINITIONS = (
					"DEBUG=1",
					"$(inherited)",
				);
				GCC_WARN_64_TO_32_BIT_CONVERSION = YES;
				GCC_WARN_ABOUT_RETURN_TYPE = YES_ERROR;
				GCC_WARN_UNDECLARED_SELECTOR = YES;
				GCC_WARN_UNINITIALIZED_AUTOS = YES_AGGRESSIVE;
				GCC_WARN_UNUSED_FUNCTION = YES;
				GCC_WARN_UNUSED_VARIABLE = YES;
				IPHONEOS_DEPLOYMENT_TARGET = 17.2;
				LOCALIZATION_PREFERS_STRING_CATALOGS = YES;
				MTL_ENABLE_DEBUG_INFO = INCLUDE_SOURCE;
				MTL_FAST_MATH = YES;
				ONLY_ACTIVE_ARCH = YES;
				SDKROOT = iphoneos;
				SWIFT_ACTIVE_COMPILATION_CONDITIONS = "DEBUG $(inherited)";
				SWIFT_OPTIMIZATION_LEVEL = "-Onone";
			};
			name = Debug;
		};
		D0B2700E2E4F741F00AA56B8 /* Release */ = {
			isa = XCBuildConfiguration;
			buildSettings = {
				ALWAYS_SEARCH_USER_PATHS = NO;
				ASSETCATALOG_COMPILER_GENERATE_SWIFT_ASSET_SYMBOL_EXTENSIONS = YES;
				CLANG_ANALYZER_NONNULL = YES;
				CLANG_ANALYZER_NUMBER_OBJECT_CONVERSION = YES_AGGRESSIVE;
				CLANG_CXX_LANGUAGE_STANDARD = "gnu++20";
				CLANG_ENABLE_MODULES = YES;
				CLANG_ENABLE_OBJC_ARC = YES;
				CLANG_ENABLE_OBJC_WEAK = YES;
				CLANG_WARN_BLOCK_CAPTURE_AUTORELEASING = YES;
				CLANG_WARN_BOOL_CONVERSION = YES;
				CLANG_WARN_COMMA = YES;
				CLANG_WARN_CONSTANT_CONVERSION = YES;
				CLANG_WARN_DEPRECATED_OBJC_IMPLEMENTATIONS = YES;
				CLANG_WARN_DIRECT_OBJC_ISA_USAGE = YES_ERROR;
				CLANG_WARN_DOCUMENTATION_COMMENTS = YES;
				CLANG_WARN_EMPTY_BODY = YES;
				CLANG_WARN_ENUM_CONVERSION = YES;
				CLANG_WARN_INFINITE_RECURSION = YES;
				CLANG_WARN_INT_CONVERSION = YES;
				CLANG_WARN_NON_LITERAL_NULL_CONVERSION = YES;
				CLANG_WARN_OBJC_IMPLICIT_RETAIN_SELF = YES;
				CLANG_WARN_OBJC_LITERAL_CONVERSION = YES;
				CLANG_WARN_OBJC_ROOT_CLASS = YES_ERROR;
				CLANG_WARN_QUOTED_INCLUDE_IN_FRAMEWORK_HEADER = YES;
				CLANG_WARN_RANGE_LOOP_ANALYSIS = YES;
				CLANG_WARN_STRICT_PROTOTYPES = YES;
				CLANG_WARN_SUSPICIOUS_MOVE = YES;
				CLANG_WARN_UNGUARDED_AVAILABILITY = YES_AGGRESSIVE;
				CLANG_WARN_UNREACHABLE_CODE = YES;
				CLANG_WARN__DUPLICATE_METHOD_MATCH = YES;
				COPY_PHASE_STRIP = NO;
				DEBUG_INFORMATION_FORMAT = "dwarf-with-dsym";
				ENABLE_NS_ASSERTIONS = NO;
				ENABLE_STRICT_OBJC_MSGSEND = YES;
				ENABLE_USER_SCRIPT_SANDBOXING = YES;
				GCC_C_LANGUAGE_STANDARD = gnu17;
				GCC_NO_COMMON_BLOCKS = YES;
				GCC_WARN_64_TO_32_BIT_CONVERSION = YES;
				GCC_WARN_ABOUT_RETURN_TYPE = YES_ERROR;
				GCC_WARN_UNDECLARED_SELECTOR = YES;
				GCC_WARN_UNINITIALIZED_AUTOS = YES_AGGRESSIVE;
				GCC_WARN_UNUSED_FUNCTION = YES;
				GCC_WARN_UNUSED_VARIABLE = YES;
				IPHONEOS_DEPLOYMENT_TARGET = 17.2;
				LOCALIZATION_PREFERS_STRING_CATALOGS = YES;
				MTL_ENABLE_DEBUG_INFO = NO;
				MTL_FAST_MATH = YES;
				SDKROOT = iphoneos;
				SWIFT_COMPILATION_MODE = wholemodule;
				VALIDATE_PRODUCT = YES;
			};
			name = Release;
		};
		D0B270102E4F741F00AA56B8 /* Debug */ = {
			isa = XCBuildConfiguration;
			buildSettings = {
				ASSETCATALOG_COMPILER_APPICON_NAME = AppIcon;
				ASSETCATALOG_COMPILER_GLOBAL_ACCENT_COLOR_NAME = AccentColor;
				CODE_SIGN_STYLE = Automatic;
				CURRENT_PROJECT_VERSION = 1;
				DEVELOPMENT_ASSET_PATHS = "\"Azyk/Preview Content\"";
				DEVELOPMENT_TEAM = K8M5FXDJPU;
				ENABLE_PREVIEWS = YES;
				GENERATE_INFOPLIST_FILE = YES;
				INFOPLIST_KEY_UIApplicationSceneManifest_Generation = YES;
				INFOPLIST_KEY_UIApplicationSupportsIndirectInputEvents = YES;
				INFOPLIST_KEY_UILaunchScreen_Generation = YES;
				INFOPLIST_KEY_UISupportedInterfaceOrientations_iPad = "UIInterfaceOrientationPortrait UIInterfaceOrientationPortraitUpsideDown UIInterfaceOrientationLandscapeLeft UIInterfaceOrientationLandscapeRight";
				INFOPLIST_KEY_UISupportedInterfaceOrientations_iPhone = "UIInterfaceOrientationPortrait UIInterfaceOrientationLandscapeLeft UIInterfaceOrientationLandscapeRight";
				LD_RUNPATH_SEARCH_PATHS = (
					"$(inherited)",
					"@executable_path/Frameworks",
				);
				MARKETING_VERSION = 1.0;
				PRODUCT_BUNDLE_IDENTIFIER = pet.Azyk;
				PRODUCT_NAME = "$(TARGET_NAME)";
				SWIFT_EMIT_LOC_STRINGS = YES;
				SWIFT_VERSION = 5.0;
				TARGETED_DEVICE_FAMILY = "1,2";
			};
			name = Debug;
		};
		D0B270112E4F741F00AA56B8 /* Release */ = {
			isa = XCBuildConfiguration;
			buildSettings = {
				ASSETCATALOG_COMPILER_APPICON_NAME = AppIcon;
				ASSETCATALOG_COMPILER_GLOBAL_ACCENT_COLOR_NAME = AccentColor;
				CODE_SIGN_STYLE = Automatic;
				CURRENT_PROJECT_VERSION = 1;
				DEVELOPMENT_ASSET_PATHS = "\"Azyk/Preview Content\"";
				DEVELOPMENT_TEAM = K8M5FXDJPU;
				ENABLE_PREVIEWS = YES;
				GENERATE_INFOPLIST_FILE = YES;
				INFOPLIST_KEY_UIApplicationSceneManifest_Generation = YES;
				INFOPLIST_KEY_UIApplicationSupportsIndirectInputEvents = YES;
				INFOPLIST_KEY_UILaunchScreen_Generation = YES;
				INFOPLIST_KEY_UISupportedInterfaceOrientations_iPad = "UIInterfaceOrientationPortrait UIInterfaceOrientationPortraitUpsideDown UIInterfaceOrientationLandscapeLeft UIInterfaceOrientationLandscapeRight";
				INFOPLIST_KEY_UISupportedInterfaceOrientations_iPhone = "UIInterfaceOrientationPortrait UIInterfaceOrientationLandscapeLeft UIInterfaceOrientationLandscapeRight";
				LD_RUNPATH_SEARCH_PATHS = (
					"$(inherited)",
					"@executable_path/Frameworks",
				);
				MARKETING_VERSION = 1.0;
				PRODUCT_BUNDLE_IDENTIFIER = pet.Azyk;
				PRODUCT_NAME = "$(TARGET_NAME)";
				SWIFT_EMIT_LOC_STRINGS = YES;
				SWIFT_VERSION = 5.0;
				TARGETED_DEVICE_FAMILY = "1,2";
			};
			name = Release;
		};
/* End XCBuildConfiguration section */

/* Begin XCConfigurationList section */
		D0B26FFC2E4F741C00AA56B8 /* Build configuration list for PBXProject "Azyk" */ = {
			isa = XCConfigurationList;
			buildConfigurations = (
				D0B2700D2E4F741F00AA56B8 /* Debug */,
				D0B2700E2E4F741F00AA56B8 /* Release */,
			);
			defaultConfigurationIsVisible = 0;
			defaultConfigurationName = Release;
		};
		D0B2700F2E4F741F00AA56B8 /* Build configuration list for PBXNativeTarget "Azyk" */ = {
			isa = XCConfigurationList;
			buildConfigurations = (
				D0B270102E4F741F00AA56B8 /* Debug */,
				D0B270112E4F741F00AA56B8 /* Release */,
			);
			defaultConfigurationIsVisible = 0;
			defaultConfigurationName = Release;
		};
/* End XCConfigurationList section */
	};
	rootObject = D0B26FF92E4F741C00AA56B8 /* Project object */;
}
